
Microsoft Visual Studio Solution File, Format Version 12.00
# Visual Studio Version 16
VisualStudioVersion = 16.0.30114.105
MinimumVisualStudioVersion = 10.0.40219.1
Project("{9A19103F-16F7-4668-BE54-9A1E7A4F7556}") = "DemoQA_InteractionTests", "DemoQA_InteractionTests\DemoQA_InteractionTests.csproj", "{719AA045-F54E-4FF3-8527-EDDB2C36EE08}"
EndProject
Global
	GlobalSection(SolutionConfigurationPlatforms) = preSolution
		Debug|Any CPU = Debug|Any CPU
		Release|Any CPU = Release|Any CPU
	EndGlobalSection
	GlobalSection(ProjectConfigurationPlatforms) = postSolution
		{719AA045-F54E-4FF3-8527-EDDB2C36EE08}.Debug|Any CPU.ActiveCfg = Debug|Any CPU
		{719AA045-F54E-4FF3-8527-EDDB2C36EE08}.Debug|Any CPU.Build.0 = Debug|Any CPU
		{719AA045-F54E-4FF3-8527-EDDB2C36EE08}.Release|Any CPU.ActiveCfg = Release|Any CPU
		{719AA045-F54E-4FF3-8527-EDDB2C36EE08}.Release|Any CPU.Build.0 = Release|Any CPU
	EndGlobalSection
	GlobalSection(SolutionProperties) = preSolution
		HideSolutionNode = FALSE
	EndGlobalSection
	GlobalSection(ExtensibilityGlobals) = postSolution
		SolutionGuid = {AF52AE65-CDD9-492B-9008-DBE8CDA1E95F}
	EndGlobalSection
EndGlobal
